
Microsoft Visual Studio Solution File, Format Version 12.00
# Visual Studio Version 17
VisualStudioVersion = 17.2.32630.192
MinimumVisualStudioVersion = 10.0.40219.1
Project("{9A19103F-16F7-4668-BE54-9A1E7A4F7556}") = "ToDoProject.Server", "ToDoProject\Server\ToDoProject.Server.csproj", "{A53893D3-48E8-4000-AA81-843B2221B51C}"
EndProject
Project("{9A19103F-16F7-4668-BE54-9A1E7A4F7556}") = "ToDoProject.Client", "ToDoProject\Client\ToDoProject.Client.csproj", "{02B5D665-604F-4A95-8D14-E6435EE53B50}"
EndProject
Project("{9A19103F-16F7-4668-BE54-9A1E7A4F7556}") = "ToDoProject.Models", "ToDoProject\Shared\ToDoProject.Models.csproj", "{9E49011D-DBEC-44D7-835D-51FD95CB2BAE}"
EndProject
Project("{9A19103F-16F7-4668-BE54-9A1E7A4F7556}") = "ToDoProject.Utils", "ToDoProject.Utils\ToDoProject.Utils.csproj", "{94C1FC73-6BCC-419D-A639-E7CCF5BECDF4}"
EndProject
Global
	GlobalSection(SolutionConfigurationPlatforms) = preSolution
		Debug|Any CPU = Debug|Any CPU
		Release|Any CPU = Release|Any CPU
	EndGlobalSection
	GlobalSection(ProjectConfigurationPlatforms) = postSolution
		{A53893D3-48E8-4000-AA81-843B2221B51C}.Debug|Any CPU.ActiveCfg = Debug|Any CPU
		{A53893D3-48E8-4000-AA81-843B2221B51C}.Debug|Any CPU.Build.0 = Debug|Any CPU
		{A53893D3-48E8-4000-AA81-843B2221B51C}.Release|Any CPU.ActiveCfg = Release|Any CPU
		{A53893D3-48E8-4000-AA81-843B2221B51C}.Release|Any CPU.Build.0 = Release|Any CPU
		{02B5D665-604F-4A95-8D14-E6435EE53B50}.Debug|Any CPU.ActiveCfg = Debug|Any CPU
		{02B5D665-604F-4A95-8D14-E6435EE53B50}.Debug|Any CPU.Build.0 = Debug|Any CPU
		{02B5D665-604F-4A95-8D14-E6435EE53B50}.Release|Any CPU.ActiveCfg = Release|Any CPU
		{02B5D665-604F-4A95-8D14-E6435EE53B50}.Release|Any CPU.Build.0 = Release|Any CPU
		{9E49011D-DBEC-44D7-835D-51FD95CB2BAE}.Debug|Any CPU.ActiveCfg = Debug|Any CPU
		{9E49011D-DBEC-44D7-835D-51FD95CB2BAE}.Debug|Any CPU.Build.0 = Debug|Any CPU
		{9E49011D-DBEC-44D7-835D-51FD95CB2BAE}.Release|Any CPU.ActiveCfg = Release|Any CPU
		{9E49011D-DBEC-44D7-835D-51FD95CB2BAE}.Release|Any CPU.Build.0 = Release|Any CPU
		{94C1FC73-6BCC-419D-A639-E7CCF5BECDF4}.Debug|Any CPU.ActiveCfg = Debug|Any CPU
		{94C1FC73-6BCC-419D-A639-E7CCF5BECDF4}.Debug|Any CPU.Build.0 = Debug|Any CPU
		{94C1FC73-6BCC-419D-A639-E7CCF5BECDF4}.Release|Any CPU.ActiveCfg = Release|Any CPU
		{94C1FC73-6BCC-419D-A639-E7CCF5BECDF4}.Release|Any CPU.Build.0 = Release|Any CPU
	EndGlobalSection
	GlobalSection(SolutionProperties) = preSolution
		HideSolutionNode = FALSE
	EndGlobalSection
	GlobalSection(ExtensibilityGlobals) = postSolution
		SolutionGuid = {1562B53D-ADCA-43FA-AD9D-11C2DAC3819C}
	EndGlobalSection
EndGlobal
